// !$*UTF8*$!
{
	archiveVersion = 1;
	classes = {
	};
	objectVersion = 46;
	objects = {

/* Begin PBXBuildFile section */
		E8517950206CD9F800AEB4CC /* earth_bg.png in Resources */ = {isa = PBXBuildFile; fileRef = E851794F206CD9F800AEB4CC /* earth_bg.png */; };
		E88FB3F22064EE7600C4C3AA /* Tangram.m in Sources */ = {isa = PBXBuildFile; fileRef = E88FB3E42064EE7600C4C3AA /* Tangram.m */; };
		E88FB3F32064EE7600C4C3AA /* QSRefreshControl.m in Sources */ = {isa = PBXBuildFile; fileRef = E88FB3E52064EE7600C4C3AA /* QSRefreshControl.m */; };
		E88FB3F42064EE7600C4C3AA /* TangramRefreshControlManager.m in Sources */ = {isa = PBXBuildFile; fileRef = E88FB3EA2064EE7600C4C3AA /* TangramRefreshControlManager.m */; };
		E88FB3F52064EE7600C4C3AA /* TangramRefreshControl.m in Sources */ = {isa = PBXBuildFile; fileRef = E88FB3EE2064EE7600C4C3AA /* TangramRefreshControl.m */; };
		E88FB3F62064EE7600C4C3AA /* QSRefreshControlManager.m in Sources */ = {isa = PBXBuildFile; fileRef = E88FB3F02064EE7600C4C3AA /* QSRefreshControlManager.m */; };
		E88FB3F72064EE7600C4C3AA /* RCTScrollView+QSRefresh.m in Sources */ = {isa = PBXBuildFile; fileRef = E88FB3F12064EE7600C4C3AA /* RCTScrollView+QSRefresh.m */; };
/* End PBXBuildFile section */

/* Begin PBXContainerItemProxy section */
		E8517951206CD9FD00AEB4CC /* PBXContainerItemProxy */ = {
			isa = PBXContainerItemProxy;
			containerPortal = 58B511D31A9E6C8500147676 /* Project object */;
			proxyType = 1;
			remoteGlobalIDString = E8517948206CD9EE00AEB4CC;
			remoteInfo = RefreshSource;
		};
/* End PBXContainerItemProxy section */

/* Begin PBXCopyFilesBuildPhase section */
		58B511D91A9E6C8500147676 /* CopyFiles */ = {
			isa = PBXCopyFilesBuildPhase;
			buildActionMask = 2147483647;
			dstPath = "include/$(PRODUCT_NAME)";
			dstSubfolderSpec = 16;
			files = (
			);
			runOnlyForDeploymentPostprocessing = 0;
		};
/* End PBXCopyFilesBuildPhase section */

/* Begin PBXFileReference section */
		134814201AA4EA6300B7C361 /* libRefresh.a */ = {isa = PBXFileReference; explicitFileType = archive.ar; includeInIndex = 0; path = libRefresh.a; sourceTree = BUILT_PRODUCTS_DIR; };
		E8517949206CD9EE00AEB4CC /* RefreshSource.bundle */ = {isa = PBXFileReference; explicitFileType = wrapper.cfbundle; includeInIndex = 0; path = RefreshSource.bundle; sourceTree = BUILT_PRODUCTS_DIR; };
		E851794B206CD9EE00AEB4CC /* Info.plist */ = {isa = PBXFileReference; lastKnownFileType = text.plist.xml; path = Info.plist; sourceTree = "<group>"; };
		E851794F206CD9F800AEB4CC /* earth_bg.png */ = {isa = PBXFileReference; lastKnownFileType = image.png; path = earth_bg.png; sourceTree = "<group>"; };
		E88FB3E42064EE7600C4C3AA /* Tangram.m */ = {isa = PBXFileReference; fileEncoding = 4; lastKnownFileType = sourcecode.c.objc; path = Tangram.m; sourceTree = "<group>"; };
		E88FB3E52064EE7600C4C3AA /* QSRefreshControl.m */ = {isa = PBXFileReference; fileEncoding = 4; lastKnownFileType = sourcecode.c.objc; path = QSRefreshControl.m; sourceTree = "<group>"; };
		E88FB3E72064EE7600C4C3AA /* TangramRefreshControl.h */ = {isa = PBXFileReference; fileEncoding = 4; lastKnownFileType = sourcecode.c.h; path = TangramRefreshControl.h; sourceTree = "<group>"; };
		E88FB3E82064EE7600C4C3AA /* QSRefreshControlManager.h */ = {isa = PBXFileReference; fileEncoding = 4; lastKnownFileType = sourcecode.c.h; path = QSRefreshControlManager.h; sourceTree = "<group>"; };
		E88FB3E92064EE7600C4C3AA /* QSRefreshMotionProtocol.h */ = {isa = PBXFileReference; fileEncoding = 4; lastKnownFileType = sourcecode.c.h; path = QSRefreshMotionProtocol.h; sourceTree = "<group>"; };
		E88FB3EA2064EE7600C4C3AA /* TangramRefreshControlManager.m */ = {isa = PBXFileReference; fileEncoding = 4; lastKnownFileType = sourcecode.c.objc; path = TangramRefreshControlManager.m; sourceTree = "<group>"; };
		E88FB3EB2064EE7600C4C3AA /* RCTScrollView+QSRefresh.h */ = {isa = PBXFileReference; fileEncoding = 4; lastKnownFileType = sourcecode.c.h; path = "RCTScrollView+QSRefresh.h"; sourceTree = "<group>"; };
		E88FB3EC2064EE7600C4C3AA /* QSRefreshControl.h */ = {isa = PBXFileReference; fileEncoding = 4; lastKnownFileType = sourcecode.c.h; path = QSRefreshControl.h; sourceTree = "<group>"; };
		E88FB3ED2064EE7600C4C3AA /* Tangram.h */ = {isa = PBXFileReference; fileEncoding = 4; lastKnownFileType = sourcecode.c.h; path = Tangram.h; sourceTree = "<group>"; };
		E88FB3EE2064EE7600C4C3AA /* TangramRefreshControl.m */ = {isa = PBXFileReference; fileEncoding = 4; lastKnownFileType = sourcecode.c.objc; path = TangramRefreshControl.m; sourceTree = "<group>"; };
		E88FB3EF2064EE7600C4C3AA /* TangramRefreshControlManager.h */ = {isa = PBXFileReference; fileEncoding = 4; lastKnownFileType = sourcecode.c.h; path = TangramRefreshControlManager.h; sourceTree = "<group>"; };
		E88FB3F02064EE7600C4C3AA /* QSRefreshControlManager.m */ = {isa = PBXFileReference; fileEncoding = 4; lastKnownFileType = sourcecode.c.objc; path = QSRefreshControlManager.m; sourceTree = "<group>"; };
		E88FB3F12064EE7600C4C3AA /* RCTScrollView+QSRefresh.m */ = {isa = PBXFileReference; fileEncoding = 4; lastKnownFileType = sourcecode.c.objc; path = "RCTScrollView+QSRefresh.m"; sourceTree = "<group>"; };
/* End PBXFileReference section */

/* Begin PBXFrameworksBuildPhase section */
		58B511D81A9E6C8500147676 /* Frameworks */ = {
			isa = PBXFrameworksBuildPhase;
			buildActionMask = 2147483647;
			files = (
			);
			runOnlyForDeploymentPostprocessing = 0;
		};
		E8517946206CD9EE00AEB4CC /* Frameworks */ = {
			isa = PBXFrameworksBuildPhase;
			buildActionMask = 2147483647;
			files = (
			);
			runOnlyForDeploymentPostprocessing = 0;
		};
/* End PBXFrameworksBuildPhase section */

/* Begin PBXGroup section */
		134814211AA4EA7D00B7C361 /* Products */ = {
			isa = PBXGroup;
			children = (
				134814201AA4EA6300B7C361 /* libRefresh.a */,
				E8517949206CD9EE00AEB4CC /* RefreshSource.bundle */,
			);
			name = Products;
			sourceTree = "<group>";
		};
		58B511D21A9E6C8500147676 = {
			isa = PBXGroup;
			children = (
				E88FB3E32064EE7600C4C3AA /* QSRefreshControl */,
				E851794A206CD9EE00AEB4CC /* RefreshSource */,
				134814211AA4EA7D00B7C361 /* Products */,
			);
			indentWidth = 2;
			sourceTree = "<group>";
			tabWidth = 2;
			usesTabs = 0;
		};
		E851794A206CD9EE00AEB4CC /* RefreshSource */ = {
			isa = PBXGroup;
			children = (
				E851794B206CD9EE00AEB4CC /* Info.plist */,
			);
			path = RefreshSource;
			sourceTree = "<group>";
		};
		E88FB3E32064EE7600C4C3AA /* QSRefreshControl */ = {
			isa = PBXGroup;
			children = (
				E851794F206CD9F800AEB4CC /* earth_bg.png */,
				E88FB3E42064EE7600C4C3AA /* Tangram.m */,
				E88FB3E52064EE7600C4C3AA /* QSRefreshControl.m */,
				E88FB3E72064EE7600C4C3AA /* TangramRefreshControl.h */,
				E88FB3E82064EE7600C4C3AA /* QSRefreshControlManager.h */,
				E88FB3E92064EE7600C4C3AA /* QSRefreshMotionProtocol.h */,
				E88FB3EA2064EE7600C4C3AA /* TangramRefreshControlManager.m */,
				E88FB3EB2064EE7600C4C3AA /* RCTScrollView+QSRefresh.h */,
				E88FB3EC2064EE7600C4C3AA /* QSRefreshControl.h */,
				E88FB3ED2064EE7600C4C3AA /* Tangram.h */,
				E88FB3EE2064EE7600C4C3AA /* TangramRefreshControl.m */,
				E88FB3EF2064EE7600C4C3AA /* TangramRefreshControlManager.h */,
				E88FB3F02064EE7600C4C3AA /* QSRefreshControlManager.m */,
				E88FB3F12064EE7600C4C3AA /* RCTScrollView+QSRefresh.m */,
			);
			path = QSRefreshControl;
			sourceTree = "<group>";
		};
/* End PBXGroup section */

/* Begin PBXNativeTarget section */
		58B511DA1A9E6C8500147676 /* Refresh */ = {
			isa = PBXNativeTarget;
			buildConfigurationList = 58B511EF1A9E6C8500147676 /* Build configuration list for PBXNativeTarget "Refresh" */;
			buildPhases = (
				58B511D71A9E6C8500147676 /* Sources */,
				58B511D81A9E6C8500147676 /* Frameworks */,
				58B511D91A9E6C8500147676 /* CopyFiles */,
			);
			buildRules = (
			);
			dependencies = (
				E8517952206CD9FD00AEB4CC /* PBXTargetDependency */,
			);
			name = Refresh;
			productName = RCTDataManager;
			productReference = 134814201AA4EA6300B7C361 /* libRefresh.a */;
			productType = "com.apple.product-type.library.static";
		};
		E8517948206CD9EE00AEB4CC /* RefreshSource */ = {
			isa = PBXNativeTarget;
			buildConfigurationList = E851794E206CD9EE00AEB4CC /* Build configuration list for PBXNativeTarget "RefreshSource" */;
			buildPhases = (
				E8517945206CD9EE00AEB4CC /* Sources */,
				E8517946206CD9EE00AEB4CC /* Frameworks */,
				E8517947206CD9EE00AEB4CC /* Resources */,
			);
			buildRules = (
			);
			dependencies = (
			);
			name = RefreshSource;
			productName = RefreshSource;
			productReference = E8517949206CD9EE00AEB4CC /* RefreshSource.bundle */;
			productType = "com.apple.product-type.bundle";
		};
/* End PBXNativeTarget section */

/* Begin PBXProject section */
		58B511D31A9E6C8500147676 /* Project object */ = {
			isa = PBXProject;
			attributes = {
				LastUpgradeCheck = 0920;
				ORGANIZATIONNAME = Facebook;
				TargetAttributes = {
					58B511DA1A9E6C8500147676 = {
						CreatedOnToolsVersion = 6.1.1;
					};
					E8517948206CD9EE00AEB4CC = {
						CreatedOnToolsVersion = 9.2;
						ProvisioningStyle = Automatic;
					};
				};
			};
			buildConfigurationList = 58B511D61A9E6C8500147676 /* Build configuration list for PBXProject "Refresh" */;
			compatibilityVersion = "Xcode 3.2";
			developmentRegion = English;
			hasScannedForEncodings = 0;
			knownRegions = (
				en,
			);
			mainGroup = 58B511D21A9E6C8500147676;
			productRefGroup = 58B511D21A9E6C8500147676;
			projectDirPath = "";
			projectRoot = "";
			targets = (
				58B511DA1A9E6C8500147676 /* Refresh */,
				E8517948206CD9EE00AEB4CC /* RefreshSource */,
			);
		};
/* End PBXProject section */

/* Begin PBXResourcesBuildPhase section */
		E8517947206CD9EE00AEB4CC /* Resources */ = {
			isa = PBXResourcesBuildPhase;
			buildActionMask = 2147483647;
			files = (
				E8517950206CD9F800AEB4CC /* earth_bg.png in Resources */,
			);
			runOnlyForDeploymentPostprocessing = 0;
		};
/* End PBXResourcesBuildPhase section */

/* Begin PBXSourcesBuildPhase section */
		58B511D71A9E6C8500147676 /* Sources */ = {
			isa = PBXSourcesBuildPhase;
			buildActionMask = 2147483647;
			files = (
				E88FB3F22064EE7600C4C3AA /* Tangram.m in Sources */,
				E88FB3F32064EE7600C4C3AA /* QSRefreshControl.m in Sources */,
				E88FB3F42064EE7600C4C3AA /* TangramRefreshControlManager.m in Sources */,
				E88FB3F52064EE7600C4C3AA /* TangramRefreshControl.m in Sources */,
				E88FB3F72064EE7600C4C3AA /* RCTScrollView+QSRefresh.m in Sources */,
				E88FB3F62064EE7600C4C3AA /* QSRefreshControlManager.m in Sources */,
			);
			runOnlyForDeploymentPostprocessing = 0;
		};
		E8517945206CD9EE00AEB4CC /* Sources */ = {
			isa = PBXSourcesBuildPhase;
			buildActionMask = 2147483647;
			files = (
			);
			runOnlyForDeploymentPostprocessing = 0;
		};
/* End PBXSourcesBuildPhase section */

/* Begin PBXTargetDependency section */
		E8517952206CD9FD00AEB4CC /* PBXTargetDependency */ = {
			isa = PBXTargetDependency;
			target = E8517948206CD9EE00AEB4CC /* RefreshSource */;
			targetProxy = E8517951206CD9FD00AEB4CC /* PBXContainerItemProxy */;
		};
/* End PBXTargetDependency section */

/* Begin XCBuildConfiguration section */
		58B511ED1A9E6C8500147676 /* Debug */ = {
			isa = XCBuildConfiguration;
			buildSettings = {
				ALWAYS_SEARCH_USER_PATHS = NO;
				CLANG_CXX_LANGUAGE_STANDARD = "gnu++0x";
				CLANG_CXX_LIBRARY = "libc++";
				CLANG_ENABLE_MODULES = YES;
				CLANG_ENABLE_OBJC_ARC = YES;
				CLANG_WARN_BLOCK_CAPTURE_AUTORELEASING = YES;
				CLANG_WARN_BOOL_CONVERSION = YES;
				CLANG_WARN_COMMA = YES;
				CLANG_WARN_CONSTANT_CONVERSION = YES;
				CLANG_WARN_DIRECT_OBJC_ISA_USAGE = YES_ERROR;
				CLANG_WARN_EMPTY_BODY = YES;
				CLANG_WARN_ENUM_CONVERSION = YES;
				CLANG_WARN_INFINITE_RECURSION = YES;
				CLANG_WARN_INT_CONVERSION = YES;
				CLANG_WARN_NON_LITERAL_NULL_CONVERSION = YES;
				CLANG_WARN_OBJC_LITERAL_CONVERSION = YES;
				CLANG_WARN_OBJC_ROOT_CLASS = YES_ERROR;
				CLANG_WARN_RANGE_LOOP_ANALYSIS = YES;
				CLANG_WARN_STRICT_PROTOTYPES = YES;
				CLANG_WARN_SUSPICIOUS_MOVE = YES;
				CLANG_WARN_UNREACHABLE_CODE = YES;
				CLANG_WARN__DUPLICATE_METHOD_MATCH = YES;
				COPY_PHASE_STRIP = NO;
				ENABLE_STRICT_OBJC_MSGSEND = YES;
				ENABLE_TESTABILITY = YES;
				GCC_C_LANGUAGE_STANDARD = gnu99;
				GCC_DYNAMIC_NO_PIC = NO;
				GCC_NO_COMMON_BLOCKS = YES;
				GCC_OPTIMIZATION_LEVEL = 0;
				GCC_PREPROCESSOR_DEFINITIONS = (
					"DEBUG=1",
					"$(inherited)",
				);
				GCC_SYMBOLS_PRIVATE_EXTERN = NO;
				GCC_WARN_64_TO_32_BIT_CONVERSION = YES;
				GCC_WARN_ABOUT_RETURN_TYPE = YES_ERROR;
				GCC_WARN_UNDECLARED_SELECTOR = YES;
				GCC_WARN_UNINITIALIZED_AUTOS = YES_AGGRESSIVE;
				GCC_WARN_UNUSED_FUNCTION = YES;
				GCC_WARN_UNUSED_VARIABLE = YES;
				IPHONEOS_DEPLOYMENT_TARGET = 8.0;
				MTL_ENABLE_DEBUG_INFO = YES;
				ONLY_ACTIVE_ARCH = YES;
				SDKROOT = iphoneos;
			};
			name = Debug;
		};
		58B511EE1A9E6C8500147676 /* Release */ = {
			isa = XCBuildConfiguration;
			buildSettings = {
				ALWAYS_SEARCH_USER_PATHS = NO;
				CLANG_CXX_LANGUAGE_STANDARD = "gnu++0x";
				CLANG_CXX_LIBRARY = "libc++";
				CLANG_ENABLE_MODULES = YES;
				CLANG_ENABLE_OBJC_ARC = YES;
				CLANG_WARN_BLOCK_CAPTURE_AUTORELEASING = YES;
				CLANG_WARN_BOOL_CONVERSION = YES;
				CLANG_WARN_COMMA = YES;
				CLANG_WARN_CONSTANT_CONVERSION = YES;
				CLANG_WARN_DIRECT_OBJC_ISA_USAGE = YES_ERROR;
				CLANG_WARN_EMPTY_BODY = YES;
				CLANG_WARN_ENUM_CONVERSION = YES;
				CLANG_WARN_INFINITE_RECURSION = YES;
				CLANG_WARN_INT_CONVERSION = YES;
				CLANG_WARN_NON_LITERAL_NULL_CONVERSION = YES;
				CLANG_WARN_OBJC_LITERAL_CONVERSION = YES;
				CLANG_WARN_OBJC_ROOT_CLASS = YES_ERROR;
				CLANG_WARN_RANGE_LOOP_ANALYSIS = YES;
				CLANG_WARN_STRICT_PROTOTYPES = YES;
				CLANG_WARN_SUSPICIOUS_MOVE = YES;
				CLANG_WARN_UNREACHABLE_CODE = YES;
				CLANG_WARN__DUPLICATE_METHOD_MATCH = YES;
				COPY_PHASE_STRIP = YES;
				ENABLE_NS_ASSERTIONS = NO;
				ENABLE_STRICT_OBJC_MSGSEND = YES;
				GCC_C_LANGUAGE_STANDARD = gnu99;
				GCC_NO_COMMON_BLOCKS = YES;
				GCC_WARN_64_TO_32_BIT_CONVERSION = YES;
				GCC_WARN_ABOUT_RETURN_TYPE = YES_ERROR;
				GCC_WARN_UNDECLARED_SELECTOR = YES;
				GCC_WARN_UNINITIALIZED_AUTOS = YES_AGGRESSIVE;
				GCC_WARN_UNUSED_FUNCTION = YES;
				GCC_WARN_UNUSED_VARIABLE = YES;
				IPHONEOS_DEPLOYMENT_TARGET = 8.0;
				MTL_ENABLE_DEBUG_INFO = NO;
				SDKROOT = iphoneos;
				VALIDATE_PRODUCT = YES;
			};
			name = Release;
		};
		58B511F01A9E6C8500147676 /* Debug */ = {
			isa = XCBuildConfiguration;
			buildSettings = {
				HEADER_SEARCH_PATHS = (
					"$(inherited)",
					/Applications/Xcode.app/Contents/Developer/Toolchains/XcodeDefault.xctoolchain/usr/include,
					"$(SRCROOT)/../../React/**",
					"$(SRCROOT)/../../node_modules/react-native/React/**",
				);
				LIBRARY_SEARCH_PATHS = "$(inherited)";
				OTHER_LDFLAGS = "-ObjC";
				PRODUCT_NAME = Refresh;
				SKIP_INSTALL = YES;
			};
			name = Debug;
		};
		58B511F11A9E6C8500147676 /* Release */ = {
			isa = XCBuildConfiguration;
			buildSettings = {
				HEADER_SEARCH_PATHS = (
					"$(inherited)",
					/Applications/Xcode.app/Contents/Developer/Toolchains/XcodeDefault.xctoolchain/usr/include,
					"$(SRCROOT)/../../React/**",
				);
				LIBRARY_SEARCH_PATHS = "$(inherited)";
				OTHER_LDFLAGS = "-ObjC";
				PRODUCT_NAME = Refresh;
				SKIP_INSTALL = YES;
			};
			name = Release;
		};
		E851794C206CD9EE00AEB4CC /* Debug */ = {
			isa = XCBuildConfiguration;
			buildSettings = {
				CLANG_ANALYZER_NONNULL = YES;
				CLANG_ANALYZER_NUMBER_OBJECT_CONVERSION = YES_AGGRESSIVE;
				CLANG_CXX_LANGUAGE_STANDARD = "gnu++14";
				CLANG_WARN_BLOCK_CAPTURE_AUTORELEASING = YES;
				CLANG_WARN_COMMA = YES;
				CLANG_WARN_DOCUMENTATION_COMMENTS = YES;
				CLANG_WARN_INFINITE_RECURSION = YES;
				CLANG_WARN_NON_LITERAL_NULL_CONVERSION = YES;
				CLANG_WARN_OBJC_LITERAL_CONVERSION = YES;
				CLANG_WARN_RANGE_LOOP_ANALYSIS = YES;
				CLANG_WARN_STRICT_PROTOTYPES = YES;
				CLANG_WARN_SUSPICIOUS_MOVE = YES;
				CLANG_WARN_UNGUARDED_AVAILABILITY = YES_AGGRESSIVE;
				CODE_SIGN_IDENTITY = "-";
				CODE_SIGN_STYLE = Automatic;
				COMBINE_HIDPI_IMAGES = YES;
				DEBUG_INFORMATION_FORMAT = dwarf;
				DEVELOPMENT_TEAM = "";
				ENABLE_TESTABILITY = YES;
				GCC_C_LANGUAGE_STANDARD = gnu11;
				GCC_NO_COMMON_BLOCKS = YES;
				INFOPLIST_FILE = RefreshSource/Info.plist;
				INSTALL_PATH = "$(LOCAL_LIBRARY_DIR)/Bundles";
				MACOSX_DEPLOYMENT_TARGET = 10.13;
				PRODUCT_BUNDLE_IDENTIFIER = com.yunio.RefreshSource;
				PRODUCT_NAME = "$(TARGET_NAME)";
				SDKROOT = iphoneos;
				SKIP_INSTALL = YES;
				WRAPPER_EXTENSION = bundle;
			};
			name = Debug;
		};
		E851794D206CD9EE00AEB4CC /* Release */ = {
			isa = XCBuildConfiguration;
			buildSettings = {
				CLANG_ANALYZER_NONNULL = YES;
				CLANG_ANALYZER_NUMBER_OBJECT_CONVERSION = YES_AGGRESSIVE;
				CLANG_CXX_LANGUAGE_STANDARD = "gnu++14";
				CLANG_WARN_BLOCK_CAPTURE_AUTORELEASING = YES;
				CLANG_WARN_COMMA = YES;
				CLANG_WARN_DOCUMENTATION_COMMENTS = YES;
				CLANG_WARN_INFINITE_RECURSION = YES;
				CLANG_WARN_NON_LITERAL_NULL_CONVERSION = YES;
				CLANG_WARN_OBJC_LITERAL_CONVERSION = YES;
				CLANG_WARN_RANGE_LOOP_ANALYSIS = YES;
				CLANG_WARN_STRICT_PROTOTYPES = YES;
				CLANG_WARN_SUSPICIOUS_MOVE = YES;
				CLANG_WARN_UNGUARDED_AVAILABILITY = YES_AGGRESSIVE;
				CODE_SIGN_IDENTITY = "-";
				CODE_SIGN_STYLE = Automatic;
				COMBINE_HIDPI_IMAGES = YES;
				COPY_PHASE_STRIP = NO;
				DEBUG_INFORMATION_FORMAT = "dwarf-with-dsym";
				DEVELOPMENT_TEAM = "";
				GCC_C_LANGUAGE_STANDARD = gnu11;
				GCC_NO_COMMON_BLOCKS = YES;
				INFOPLIST_FILE = RefreshSource/Info.plist;
				INSTALL_PATH = "$(LOCAL_LIBRARY_DIR)/Bundles";
				MACOSX_DEPLOYMENT_TARGET = 10.13;
				PRODUCT_BUNDLE_IDENTIFIER = com.yunio.RefreshSource;
				PRODUCT_NAME = "$(TARGET_NAME)";
				SDKROOT = iphoneos;
				SKIP_INSTALL = YES;
				WRAPPER_EXTENSION = bundle;
			};
			name = Release;
		};
/* End XCBuildConfiguration section */

/* Begin XCConfigurationList section */
		58B511D61A9E6C8500147676 /* Build configuration list for PBXProject "Refresh" */ = {
			isa = XCConfigurationList;
			buildConfigurations = (
				58B511ED1A9E6C8500147676 /* Debug */,
				58B511EE1A9E6C8500147676 /* Release */,
			);
			defaultConfigurationIsVisible = 0;
			defaultConfigurationName = Release;
		};
		58B511EF1A9E6C8500147676 /* Build configuration list for PBXNativeTarget "Refresh" */ = {
			isa = XCConfigurationList;
			buildConfigurations = (
				58B511F01A9E6C8500147676 /* Debug */,
				58B511F11A9E6C8500147676 /* Release */,
			);
			defaultConfigurationIsVisible = 0;
			defaultConfigurationName = Release;
		};
		E851794E206CD9EE00AEB4CC /* Build configuration list for PBXNativeTarget "RefreshSource" */ = {
			isa = XCConfigurationList;
			buildConfigurations = (
				E851794C206CD9EE00AEB4CC /* Debug */,
				E851794D206CD9EE00AEB4CC /* Release */,
			);
			defaultConfigurationIsVisible = 0;
			defaultConfigurationName = Release;
		};
/* End XCConfigurationList section */
	};
	rootObject = 58B511D31A9E6C8500147676 /* Project object */;
}
